
Microsoft Visual Studio Solution File, Format Version 12.00
# Visual Studio Version 17
VisualStudioVersion = 17.3.32901.215
MinimumVisualStudioVersion = 10.0.40219.1
Project("{9A19103F-16F7-4668-BE54-9A1E7A4F7556}") = "Prod", "Prod\Prod.csproj", "{19E5A3ED-803E-4F8E-A420-A99C37A9D020}"
EndProject
Project("{FAE04EC0-301F-11D3-BF4B-00C04F79EFBC}") = "Methods", "Methods\Methods.csproj", "{9E673719-1CF9-480F-8B38-759780E36D4B}"
EndProject
Project("{FAE04EC0-301F-11D3-BF4B-00C04F79EFBC}") = "Math", "Math\Math.csproj", "{ED0495E6-3365-4A08-B93D-C6D6AAE1FB7D}"
EndProject
Project("{FAE04EC0-301F-11D3-BF4B-00C04F79EFBC}") = "ValueAndReferenceTypes", "ValueAndReferenceTypes\ValueAndReferenceTypes.csproj", "{ADB8F8D5-75D0-48E8-B76A-C1149D81F837}"
EndProject
Global
	GlobalSection(SolutionConfigurationPlatforms) = preSolution
		Debug|Any CPU = Debug|Any CPU
		Release|Any CPU = Release|Any CPU
	EndGlobalSection
	GlobalSection(ProjectConfigurationPlatforms) = postSolution
		{19E5A3ED-803E-4F8E-A420-A99C37A9D020}.Debug|Any CPU.ActiveCfg = Debug|Any CPU
		{19E5A3ED-803E-4F8E-A420-A99C37A9D020}.Debug|Any CPU.Build.0 = Debug|Any CPU
		{19E5A3ED-803E-4F8E-A420-A99C37A9D020}.Release|Any CPU.ActiveCfg = Release|Any CPU
		{19E5A3ED-803E-4F8E-A420-A99C37A9D020}.Release|Any CPU.Build.0 = Release|Any CPU
		{9E673719-1CF9-480F-8B38-759780E36D4B}.Debug|Any CPU.ActiveCfg = Debug|Any CPU
		{9E673719-1CF9-480F-8B38-759780E36D4B}.Debug|Any CPU.Build.0 = Debug|Any CPU
		{9E673719-1CF9-480F-8B38-759780E36D4B}.Release|Any CPU.ActiveCfg = Release|Any CPU
		{9E673719-1CF9-480F-8B38-759780E36D4B}.Release|Any CPU.Build.0 = Release|Any CPU
		{ED0495E6-3365-4A08-B93D-C6D6AAE1FB7D}.Debug|Any CPU.ActiveCfg = Debug|Any CPU
		{ED0495E6-3365-4A08-B93D-C6D6AAE1FB7D}.Debug|Any CPU.Build.0 = Debug|Any CPU
		{ED0495E6-3365-4A08-B93D-C6D6AAE1FB7D}.Release|Any CPU.ActiveCfg = Release|Any CPU
		{ED0495E6-3365-4A08-B93D-C6D6AAE1FB7D}.Release|Any CPU.Build.0 = Release|Any CPU
		{ADB8F8D5-75D0-48E8-B76A-C1149D81F837}.Debug|Any CPU.ActiveCfg = Debug|Any CPU
		{ADB8F8D5-75D0-48E8-B76A-C1149D81F837}.Debug|Any CPU.Build.0 = Debug|Any CPU
		{ADB8F8D5-75D0-48E8-B76A-C1149D81F837}.Release|Any CPU.ActiveCfg = Release|Any CPU
		{ADB8F8D5-75D0-48E8-B76A-C1149D81F837}.Release|Any CPU.Build.0 = Release|Any CPU
	EndGlobalSection
	GlobalSection(SolutionProperties) = preSolution
		HideSolutionNode = FALSE
	EndGlobalSection
	GlobalSection(ExtensibilityGlobals) = postSolution
		SolutionGuid = {D6AFC769-2EA4-4E05-B26C-96CAABF725F5}
	EndGlobalSection
EndGlobal
